
Microsoft Visual Studio Solution File, Format Version 12.00
# Visual Studio 15
VisualStudioVersion = 15.0.28307.705
MinimumVisualStudioVersion = 10.0.40219.1
Project("{FAE04EC0-301F-11D3-BF4B-00C04F79EFBC}") = "PersonelWebApi", "PersonelWebApi\PersonelWebApi.csproj", "{BE465EFC-3810-40C4-865C-D63B3A300E5A}"
EndProject
Global
	GlobalSection(SolutionConfigurationPlatforms) = preSolution
		Debug|Any CPU = Debug|Any CPU
		Release|Any CPU = Release|Any CPU
	EndGlobalSection
	GlobalSection(ProjectConfigurationPlatforms) = postSolution
		{BE465EFC-3810-40C4-865C-D63B3A300E5A}.Debug|Any CPU.ActiveCfg = Debug|Any CPU
		{BE465EFC-3810-40C4-865C-D63B3A300E5A}.Debug|Any CPU.Build.0 = Debug|Any CPU
		{BE465EFC-3810-40C4-865C-D63B3A300E5A}.Release|Any CPU.ActiveCfg = Release|Any CPU
		{BE465EFC-3810-40C4-865C-D63B3A300E5A}.Release|Any CPU.Build.0 = Release|Any CPU
	EndGlobalSection
	GlobalSection(SolutionProperties) = preSolution
		HideSolutionNode = FALSE
	EndGlobalSection
	GlobalSection(ExtensibilityGlobals) = postSolution
		SolutionGuid = {7CA4FFAC-C680-4B69-AE98-F6EEB0D3F1EC}
	EndGlobalSection
EndGlobal
